
Microsoft Visual Studio Solution File, Format Version 12.00
# Visual Studio Version 16
VisualStudioVersion = 16.0.29326.143
MinimumVisualStudioVersion = 10.0.40219.1
Project("{FAE04EC0-301F-11D3-BF4B-00C04F79EFBC}") = "DM2", "DM2\DM2.csproj", "{95C2DC0C-20E9-453F-877B-14AB0E798A05}"
EndProject
Global
	GlobalSection(SolutionConfigurationPlatforms) = preSolution
		Debug|Any CPU = Debug|Any CPU
		Release|Any CPU = Release|Any CPU
	EndGlobalSection
	GlobalSection(ProjectConfigurationPlatforms) = postSolution
		{95C2DC0C-20E9-453F-877B-14AB0E798A05}.Debug|Any CPU.ActiveCfg = Debug|Any CPU
		{95C2DC0C-20E9-453F-877B-14AB0E798A05}.Debug|Any CPU.Build.0 = Debug|Any CPU
		{95C2DC0C-20E9-453F-877B-14AB0E798A05}.Release|Any CPU.ActiveCfg = Release|Any CPU
		{95C2DC0C-20E9-453F-877B-14AB0E798A05}.Release|Any CPU.Build.0 = Release|Any CPU
	EndGlobalSection
	GlobalSection(SolutionProperties) = preSolution
		HideSolutionNode = FALSE
	EndGlobalSection
	GlobalSection(ExtensibilityGlobals) = postSolution
		SolutionGuid = {B64DC450-A959-413D-8841-58D2E379C071}
	EndGlobalSection
EndGlobal
